
Microsoft Visual Studio Solution File, Format Version 12.00
# Visual Studio Version 17
VisualStudioVersion = 17.8.34330.188
MinimumVisualStudioVersion = 10.0.40219.1
Project("{FAE04EC0-301F-11D3-BF4B-00C04F79EFBC}") = "elevate2024Advent", "elevate2024Advent.csproj", "{D8504072-8DA9-4BEE-86A6-92F764224B63}"
EndProject
Project("{FAE04EC0-301F-11D3-BF4B-00C04F79EFBC}") = "elevate2024Advent.Tests", "..\elevate2024Advent.Tests\elevate2024Advent.Tests.csproj", "{8FF69814-1E60-4066-A13D-908AA883CEDC}"
EndProject
Global
	GlobalSection(SolutionConfigurationPlatforms) = preSolution
		Debug|Any CPU = Debug|Any CPU
		Release|Any CPU = Release|Any CPU
	EndGlobalSection
	GlobalSection(ProjectConfigurationPlatforms) = postSolution
		{D8504072-8DA9-4BEE-86A6-92F764224B63}.Debug|Any CPU.ActiveCfg = Debug|Any CPU
		{D8504072-8DA9-4BEE-86A6-92F764224B63}.Debug|Any CPU.Build.0 = Debug|Any CPU
		{D8504072-8DA9-4BEE-86A6-92F764224B63}.Release|Any CPU.ActiveCfg = Release|Any CPU
		{D8504072-8DA9-4BEE-86A6-92F764224B63}.Release|Any CPU.Build.0 = Release|Any CPU
		{8FF69814-1E60-4066-A13D-908AA883CEDC}.Debug|Any CPU.ActiveCfg = Debug|Any CPU
		{8FF69814-1E60-4066-A13D-908AA883CEDC}.Debug|Any CPU.Build.0 = Debug|Any CPU
		{8FF69814-1E60-4066-A13D-908AA883CEDC}.Release|Any CPU.ActiveCfg = Release|Any CPU
		{8FF69814-1E60-4066-A13D-908AA883CEDC}.Release|Any CPU.Build.0 = Release|Any CPU
	EndGlobalSection
	GlobalSection(SolutionProperties) = preSolution
		HideSolutionNode = FALSE
	EndGlobalSection
	GlobalSection(ExtensibilityGlobals) = postSolution
		SolutionGuid = {9A2FCB8D-9889-4673-8AB1-AF395714B16F}
	EndGlobalSection
EndGlobal
